
Microsoft Visual Studio Solution File, Format Version 12.00
# Visual Studio 15
VisualStudioVersion = 15.0.28307.960
MinimumVisualStudioVersion = 10.0.40219.1
Project("{9A19103F-16F7-4668-BE54-9A1E7A4F7556}") = "Singleton", "Singleton\Singleton.csproj", "{DD414BAB-863F-4258-BF01-FE878A6D0C42}"
EndProject
Project("{FAE04EC0-301F-11D3-BF4B-00C04F79EFBC}") = "DependencyInversion", "DependencyInversion\DependencyInversion.csproj", "{F5D506FB-857A-4684-A029-1D6A75BB6C50}"
EndProject
Global
	GlobalSection(SolutionConfigurationPlatforms) = preSolution
		Debug|Any CPU = Debug|Any CPU
		Release|Any CPU = Release|Any CPU
	EndGlobalSection
	GlobalSection(ProjectConfigurationPlatforms) = postSolution
		{DD414BAB-863F-4258-BF01-FE878A6D0C42}.Debug|Any CPU.ActiveCfg = Debug|Any CPU
		{DD414BAB-863F-4258-BF01-FE878A6D0C42}.Debug|Any CPU.Build.0 = Debug|Any CPU
		{DD414BAB-863F-4258-BF01-FE878A6D0C42}.Release|Any CPU.ActiveCfg = Release|Any CPU
		{DD414BAB-863F-4258-BF01-FE878A6D0C42}.Release|Any CPU.Build.0 = Release|Any CPU
		{F5D506FB-857A-4684-A029-1D6A75BB6C50}.Debug|Any CPU.ActiveCfg = Debug|Any CPU
		{F5D506FB-857A-4684-A029-1D6A75BB6C50}.Debug|Any CPU.Build.0 = Debug|Any CPU
		{F5D506FB-857A-4684-A029-1D6A75BB6C50}.Release|Any CPU.ActiveCfg = Release|Any CPU
		{F5D506FB-857A-4684-A029-1D6A75BB6C50}.Release|Any CPU.Build.0 = Release|Any CPU
	EndGlobalSection
	GlobalSection(SolutionProperties) = preSolution
		HideSolutionNode = FALSE
	EndGlobalSection
	GlobalSection(ExtensibilityGlobals) = postSolution
		SolutionGuid = {AC36CF70-6169-4EF4-B061-7B6FB24BCC60}
	EndGlobalSection
EndGlobal
